github.com/khalifa-is/datademon v0.0.0-20210817074631-794f9de9225e h1:QiDERmZnY4jxniyDYUDb4CqZ/gJYf0vS4VKFYO8vgik=
github.com/khalifa-is/datademon v0.0.0-20210817074631-794f9de9225e/go.mod h1:dkMYD5kMUihvsmUuxIFViWyyRXUdGcGqehdujen1a9A=
github.com/khalifa-is/datadownloader v0.0.0-20210817071307-331e3708f837 h1:Y8ZQuxcBhQkfdLkZ8T3Y2Aa22lfPGe/pqj0P0XR0tMc=
github.com/khalifa-is/datadownloader v0.0.0-20210817071307-331e3708f837/go.mod h1:jJHoJe223ePqJEyT0o6Mx3UAmmC0ibEgdzEuGQQyspk=
